
Microsoft Visual Studio Solution File, Format Version 12.00
Project("{FAE04EC0-301F-11D3-BF4B-00C04F79EFBC}") = "Win10Listener", "Win10Listener\Win10Listener.csproj", "{FFDE586C-0354-412A-90AC-B2A43F74E0B0}"
EndProject
Global
	GlobalSection(SolutionConfigurationPlatforms) = preSolution
		Debug|Any CPU = Debug|Any CPU
		Release|Any CPU = Release|Any CPU
	EndGlobalSection
	GlobalSection(ProjectConfigurationPlatforms) = postSolution
		{FFDE586C-0354-412A-90AC-B2A43F74E0B0}.Debug|Any CPU.ActiveCfg = Debug|Any CPU
		{FFDE586C-0354-412A-90AC-B2A43F74E0B0}.Debug|Any CPU.Build.0 = Debug|Any CPU
		{FFDE586C-0354-412A-90AC-B2A43F74E0B0}.Release|Any CPU.ActiveCfg = Release|Any CPU
		{FFDE586C-0354-412A-90AC-B2A43F74E0B0}.Release|Any CPU.Build.0 = Release|Any CPU
	EndGlobalSection
EndGlobal
