
Microsoft Visual Studio Solution File, Format Version 12.00
# Visual Studio 15
VisualStudioVersion = 15.0.28307.271
MinimumVisualStudioVersion = 10.0.40219.1
Project("{FAE04EC0-301F-11D3-BF4B-00C04F79EFBC}") = "BtServer", "BtServer\BtServer.csproj", "{FED179C8-6922-469D-8043-1237736A722D}"
EndProject
Project("{9A19103F-16F7-4668-BE54-9A1E7A4F7556}") = "BtServer.Core", "BtServer.Core\BtServer.Core.csproj", "{C96ED4B2-CB58-42DB-ABC3-9F51358194E1}"
EndProject
Global
	GlobalSection(SolutionConfigurationPlatforms) = preSolution
		Debug|Any CPU = Debug|Any CPU
		Debug|ARM = Debug|ARM
		Debug|x64 = Debug|x64
		Debug|x86 = Debug|x86
		Release|Any CPU = Release|Any CPU
		Release|ARM = Release|ARM
		Release|x64 = Release|x64
		Release|x86 = Release|x86
	EndGlobalSection
	GlobalSection(ProjectConfigurationPlatforms) = postSolution
		{FED179C8-6922-469D-8043-1237736A722D}.Debug|Any CPU.ActiveCfg = Debug|x86
		{FED179C8-6922-469D-8043-1237736A722D}.Debug|Any CPU.Build.0 = Debug|x86
		{FED179C8-6922-469D-8043-1237736A722D}.Debug|Any CPU.Deploy.0 = Debug|x86
		{FED179C8-6922-469D-8043-1237736A722D}.Debug|ARM.ActiveCfg = Debug|ARM
		{FED179C8-6922-469D-8043-1237736A722D}.Debug|ARM.Build.0 = Debug|ARM
		{FED179C8-6922-469D-8043-1237736A722D}.Debug|ARM.Deploy.0 = Debug|ARM
		{FED179C8-6922-469D-8043-1237736A722D}.Debug|x64.ActiveCfg = Debug|x64
		{FED179C8-6922-469D-8043-1237736A722D}.Debug|x64.Build.0 = Debug|x64
		{FED179C8-6922-469D-8043-1237736A722D}.Debug|x64.Deploy.0 = Debug|x64
		{FED179C8-6922-469D-8043-1237736A722D}.Debug|x86.ActiveCfg = Debug|x86
		{FED179C8-6922-469D-8043-1237736A722D}.Debug|x86.Build.0 = Debug|x86
		{FED179C8-6922-469D-8043-1237736A722D}.Debug|x86.Deploy.0 = Debug|x86
		{FED179C8-6922-469D-8043-1237736A722D}.Release|Any CPU.ActiveCfg = Release|x86
		{FED179C8-6922-469D-8043-1237736A722D}.Release|ARM.ActiveCfg = Release|ARM
		{FED179C8-6922-469D-8043-1237736A722D}.Release|ARM.Build.0 = Release|ARM
		{FED179C8-6922-469D-8043-1237736A722D}.Release|ARM.Deploy.0 = Release|ARM
		{FED179C8-6922-469D-8043-1237736A722D}.Release|x64.ActiveCfg = Release|x64
		{FED179C8-6922-469D-8043-1237736A722D}.Release|x64.Build.0 = Release|x64
		{FED179C8-6922-469D-8043-1237736A722D}.Release|x64.Deploy.0 = Release|x64
		{FED179C8-6922-469D-8043-1237736A722D}.Release|x86.ActiveCfg = Release|x86
		{FED179C8-6922-469D-8043-1237736A722D}.Release|x86.Build.0 = Release|x86
		{FED179C8-6922-469D-8043-1237736A722D}.Release|x86.Deploy.0 = Release|x86
		{C96ED4B2-CB58-42DB-ABC3-9F51358194E1}.Debug|Any CPU.ActiveCfg = Debug|Any CPU
		{C96ED4B2-CB58-42DB-ABC3-9F51358194E1}.Debug|Any CPU.Build.0 = Debug|Any CPU
		{C96ED4B2-CB58-42DB-ABC3-9F51358194E1}.Debug|ARM.ActiveCfg = Debug|Any CPU
		{C96ED4B2-CB58-42DB-ABC3-9F51358194E1}.Debug|ARM.Build.0 = Debug|Any CPU
		{C96ED4B2-CB58-42DB-ABC3-9F51358194E1}.Debug|x64.ActiveCfg = Debug|Any CPU
		{C96ED4B2-CB58-42DB-ABC3-9F51358194E1}.Debug|x64.Build.0 = Debug|Any CPU
		{C96ED4B2-CB58-42DB-ABC3-9F51358194E1}.Debug|x86.ActiveCfg = Debug|Any CPU
		{C96ED4B2-CB58-42DB-ABC3-9F51358194E1}.Debug|x86.Build.0 = Debug|Any CPU
		{C96ED4B2-CB58-42DB-ABC3-9F51358194E1}.Release|Any CPU.ActiveCfg = Release|Any CPU
		{C96ED4B2-CB58-42DB-ABC3-9F51358194E1}.Release|Any CPU.Build.0 = Release|Any CPU
		{C96ED4B2-CB58-42DB-ABC3-9F51358194E1}.Release|ARM.ActiveCfg = Release|Any CPU
		{C96ED4B2-CB58-42DB-ABC3-9F51358194E1}.Release|ARM.Build.0 = Release|Any CPU
		{C96ED4B2-CB58-42DB-ABC3-9F51358194E1}.Release|x64.ActiveCfg = Release|Any CPU
		{C96ED4B2-CB58-42DB-ABC3-9F51358194E1}.Release|x64.Build.0 = Release|Any CPU
		{C96ED4B2-CB58-42DB-ABC3-9F51358194E1}.Release|x86.ActiveCfg = Release|Any CPU
		{C96ED4B2-CB58-42DB-ABC3-9F51358194E1}.Release|x86.Build.0 = Release|Any CPU
	EndGlobalSection
	GlobalSection(SolutionProperties) = preSolution
		HideSolutionNode = FALSE
	EndGlobalSection
	GlobalSection(ExtensibilityGlobals) = postSolution
		SolutionGuid = {59907E29-7CCC-47F6-AB5F-94B611234F9D}
	EndGlobalSection
EndGlobal
